
Microsoft Visual Studio Solution File, Format Version 12.00
# Visual Studio 15
VisualStudioVersion = 15.0.26124.0
MinimumVisualStudioVersion = 15.0.26124.0
Project("{2150E333-8FDC-42A3-9474-1A3956D46DE8}") = "Tests", "Tests", "{85E5023F-B9DF-4DCA-981B-A9175D2A6882}"
EndProject
Project("{FAE04EC0-301F-11D3-BF4B-00C04F79EFBC}") = "GameBoyCore.Tests", "tests\GameBoyCore.Tests\GameBoyCore.Tests.csproj", "{E66522A8-61BF-4E20-B699-AAEB31350172}"
EndProject
Project("{2150E333-8FDC-42A3-9474-1A3956D46DE8}") = "src", "src", "{A7DCF006-CE43-4E2D-99F4-3866F02C4CB3}"
EndProject
Project("{FAE04EC0-301F-11D3-BF4B-00C04F79EFBC}") = "GameBoyCore", "src\GameBoyCore\GameBoyCore.csproj", "{47DE4FD9-DD5E-4581-93B9-437873987CB3}"
EndProject
Global
	GlobalSection(SolutionConfigurationPlatforms) = preSolution
		Debug|Any CPU = Debug|Any CPU
		Debug|x64 = Debug|x64
		Debug|x86 = Debug|x86
		Release|Any CPU = Release|Any CPU
		Release|x64 = Release|x64
		Release|x86 = Release|x86
	EndGlobalSection
	GlobalSection(SolutionProperties) = preSolution
		HideSolutionNode = FALSE
	EndGlobalSection
	GlobalSection(ProjectConfigurationPlatforms) = postSolution
		{E66522A8-61BF-4E20-B699-AAEB31350172}.Debug|Any CPU.ActiveCfg = Debug|Any CPU
		{E66522A8-61BF-4E20-B699-AAEB31350172}.Debug|Any CPU.Build.0 = Debug|Any CPU
		{E66522A8-61BF-4E20-B699-AAEB31350172}.Debug|x64.ActiveCfg = Debug|Any CPU
		{E66522A8-61BF-4E20-B699-AAEB31350172}.Debug|x64.Build.0 = Debug|Any CPU
		{E66522A8-61BF-4E20-B699-AAEB31350172}.Debug|x86.ActiveCfg = Debug|Any CPU
		{E66522A8-61BF-4E20-B699-AAEB31350172}.Debug|x86.Build.0 = Debug|Any CPU
		{E66522A8-61BF-4E20-B699-AAEB31350172}.Release|Any CPU.ActiveCfg = Release|Any CPU
		{E66522A8-61BF-4E20-B699-AAEB31350172}.Release|Any CPU.Build.0 = Release|Any CPU
		{E66522A8-61BF-4E20-B699-AAEB31350172}.Release|x64.ActiveCfg = Release|Any CPU
		{E66522A8-61BF-4E20-B699-AAEB31350172}.Release|x64.Build.0 = Release|Any CPU
		{E66522A8-61BF-4E20-B699-AAEB31350172}.Release|x86.ActiveCfg = Release|Any CPU
		{E66522A8-61BF-4E20-B699-AAEB31350172}.Release|x86.Build.0 = Release|Any CPU
		{47DE4FD9-DD5E-4581-93B9-437873987CB3}.Debug|Any CPU.ActiveCfg = Debug|Any CPU
		{47DE4FD9-DD5E-4581-93B9-437873987CB3}.Debug|Any CPU.Build.0 = Debug|Any CPU
		{47DE4FD9-DD5E-4581-93B9-437873987CB3}.Debug|x64.ActiveCfg = Debug|Any CPU
		{47DE4FD9-DD5E-4581-93B9-437873987CB3}.Debug|x64.Build.0 = Debug|Any CPU
		{47DE4FD9-DD5E-4581-93B9-437873987CB3}.Debug|x86.ActiveCfg = Debug|Any CPU
		{47DE4FD9-DD5E-4581-93B9-437873987CB3}.Debug|x86.Build.0 = Debug|Any CPU
		{47DE4FD9-DD5E-4581-93B9-437873987CB3}.Release|Any CPU.ActiveCfg = Release|Any CPU
		{47DE4FD9-DD5E-4581-93B9-437873987CB3}.Release|Any CPU.Build.0 = Release|Any CPU
		{47DE4FD9-DD5E-4581-93B9-437873987CB3}.Release|x64.ActiveCfg = Release|Any CPU
		{47DE4FD9-DD5E-4581-93B9-437873987CB3}.Release|x64.Build.0 = Release|Any CPU
		{47DE4FD9-DD5E-4581-93B9-437873987CB3}.Release|x86.ActiveCfg = Release|Any CPU
		{47DE4FD9-DD5E-4581-93B9-437873987CB3}.Release|x86.Build.0 = Release|Any CPU
	EndGlobalSection
	GlobalSection(NestedProjects) = preSolution
		{E66522A8-61BF-4E20-B699-AAEB31350172} = {85E5023F-B9DF-4DCA-981B-A9175D2A6882}
		{47DE4FD9-DD5E-4581-93B9-437873987CB3} = {A7DCF006-CE43-4E2D-99F4-3866F02C4CB3}
	EndGlobalSection
EndGlobal
